
Microsoft Visual Studio Solution File, Format Version 12.00
# Visual Studio Version 16
VisualStudioVersion = 16.0.31402.337
MinimumVisualStudioVersion = 10.0.40219.1
Project("{9A19103F-16F7-4668-BE54-9A1E7A4F7556}") = "Eshop.Web", "Eshop.Web\Eshop.Web.csproj", "{CB0B5E20-1AAE-404E-9964-780DEDBE3141}"
EndProject
Project("{9A19103F-16F7-4668-BE54-9A1E7A4F7556}") = "Eshop.DAL.Contracts", "Eshop.DAL.Contracts\Eshop.DAL.Contracts.csproj", "{72E946CA-F6E3-48BA-BBF5-24998F9C7FC9}"
EndProject
Project("{9A19103F-16F7-4668-BE54-9A1E7A4F7556}") = "Eshop.DAL.Implementations", "Eshop.DAL.Implementations\Eshop.DAL.Implementations.csproj", "{0BDE7B6A-D85E-47BD-9C4A-2EEA19036142}"
EndProject
Project("{9A19103F-16F7-4668-BE54-9A1E7A4F7556}") = "Eshop.DAL.Migrations", "Eshop.DAL.Migrations\Eshop.DAL.Migrations.csproj", "{1A55D21E-F6EF-4E0A-8512-36700C33AE6E}"
EndProject
Project("{9A19103F-16F7-4668-BE54-9A1E7A4F7556}") = "Eshop.Domain.Contracts", "Eshop.Domain.Contracts\Eshop.Domain.Contracts.csproj", "{6BE7DC0F-6CFC-45F6-9A7A-C555FAC2A650}"
EndProject
Project("{9A19103F-16F7-4668-BE54-9A1E7A4F7556}") = "Eshop.Domain.Implementations", "Eshop.Domain.Implementations\Eshop.Domain.Implementations.csproj", "{5395E7A4-7277-45F6-BC9C-32E27879B915}"
EndProject
Project("{2150E333-8FDC-42A3-9474-1A3956D46DE8}") = "Solution Items", "Solution Items", "{444ABC67-3EB7-4716-BD80-0F540154CDF3}"
	ProjectSection(SolutionItems) = preProject
		.editorconfig = .editorconfig
	EndProjectSection
EndProject
Global
	GlobalSection(SolutionConfigurationPlatforms) = preSolution
		Debug|Any CPU = Debug|Any CPU
		Release|Any CPU = Release|Any CPU
	EndGlobalSection
	GlobalSection(ProjectConfigurationPlatforms) = postSolution
		{CB0B5E20-1AAE-404E-9964-780DEDBE3141}.Debug|Any CPU.ActiveCfg = Debug|Any CPU
		{CB0B5E20-1AAE-404E-9964-780DEDBE3141}.Debug|Any CPU.Build.0 = Debug|Any CPU
		{CB0B5E20-1AAE-404E-9964-780DEDBE3141}.Release|Any CPU.ActiveCfg = Release|Any CPU
		{CB0B5E20-1AAE-404E-9964-780DEDBE3141}.Release|Any CPU.Build.0 = Release|Any CPU
		{72E946CA-F6E3-48BA-BBF5-24998F9C7FC9}.Debug|Any CPU.ActiveCfg = Debug|Any CPU
		{72E946CA-F6E3-48BA-BBF5-24998F9C7FC9}.Debug|Any CPU.Build.0 = Debug|Any CPU
		{72E946CA-F6E3-48BA-BBF5-24998F9C7FC9}.Release|Any CPU.ActiveCfg = Release|Any CPU
		{72E946CA-F6E3-48BA-BBF5-24998F9C7FC9}.Release|Any CPU.Build.0 = Release|Any CPU
		{0BDE7B6A-D85E-47BD-9C4A-2EEA19036142}.Debug|Any CPU.ActiveCfg = Debug|Any CPU
		{0BDE7B6A-D85E-47BD-9C4A-2EEA19036142}.Debug|Any CPU.Build.0 = Debug|Any CPU
		{0BDE7B6A-D85E-47BD-9C4A-2EEA19036142}.Release|Any CPU.ActiveCfg = Release|Any CPU
		{0BDE7B6A-D85E-47BD-9C4A-2EEA19036142}.Release|Any CPU.Build.0 = Release|Any CPU
		{1A55D21E-F6EF-4E0A-8512-36700C33AE6E}.Debug|Any CPU.ActiveCfg = Debug|Any CPU
		{1A55D21E-F6EF-4E0A-8512-36700C33AE6E}.Debug|Any CPU.Build.0 = Debug|Any CPU
		{1A55D21E-F6EF-4E0A-8512-36700C33AE6E}.Release|Any CPU.ActiveCfg = Release|Any CPU
		{1A55D21E-F6EF-4E0A-8512-36700C33AE6E}.Release|Any CPU.Build.0 = Release|Any CPU
		{6BE7DC0F-6CFC-45F6-9A7A-C555FAC2A650}.Debug|Any CPU.ActiveCfg = Debug|Any CPU
		{6BE7DC0F-6CFC-45F6-9A7A-C555FAC2A650}.Debug|Any CPU.Build.0 = Debug|Any CPU
		{6BE7DC0F-6CFC-45F6-9A7A-C555FAC2A650}.Release|Any CPU.ActiveCfg = Release|Any CPU
		{6BE7DC0F-6CFC-45F6-9A7A-C555FAC2A650}.Release|Any CPU.Build.0 = Release|Any CPU
		{5395E7A4-7277-45F6-BC9C-32E27879B915}.Debug|Any CPU.ActiveCfg = Debug|Any CPU
		{5395E7A4-7277-45F6-BC9C-32E27879B915}.Debug|Any CPU.Build.0 = Debug|Any CPU
		{5395E7A4-7277-45F6-BC9C-32E27879B915}.Release|Any CPU.ActiveCfg = Release|Any CPU
		{5395E7A4-7277-45F6-BC9C-32E27879B915}.Release|Any CPU.Build.0 = Release|Any CPU
	EndGlobalSection
	GlobalSection(SolutionProperties) = preSolution
		HideSolutionNode = FALSE
	EndGlobalSection
	GlobalSection(ExtensibilityGlobals) = postSolution
		SolutionGuid = {D7AE6DCB-2B5D-432E-B463-A984861D20D2}
	EndGlobalSection
EndGlobal
